
Microsoft Visual Studio Solution File, Format Version 12.00
# Visual Studio Version 16
VisualStudioVersion = 25.0.1706.0
MinimumVisualStudioVersion = 10.0.40219.1
Project("{FAE04EC0-301F-11D3-BF4B-00C04F79EFBC}") = "Server", "Server\Server.csproj", "{17E0B8F0-BA4B-4AF4-BE38-0F9E8A007D59}"
EndProject
Project("{FAE04EC0-301F-11D3-BF4B-00C04F79EFBC}") = "Shared", "Shared\Shared.csproj", "{7C26F631-4F7A-49EE-A0CE-777BEF43A448}"
EndProject
Project("{FAE04EC0-301F-11D3-BF4B-00C04F79EFBC}") = "Test", "MSTest\Test.csproj", "{D2F64641-27E0-459D-8A87-885FB33A7C8B}"
EndProject
Global
	GlobalSection(SolutionConfigurationPlatforms) = preSolution
		Debug|Any CPU = Debug|Any CPU
		Release|Any CPU = Release|Any CPU
	EndGlobalSection
	GlobalSection(ProjectConfigurationPlatforms) = postSolution
		{17E0B8F0-BA4B-4AF4-BE38-0F9E8A007D59}.Debug|Any CPU.ActiveCfg = Debug|Any CPU
		{17E0B8F0-BA4B-4AF4-BE38-0F9E8A007D59}.Debug|Any CPU.Build.0 = Debug|Any CPU
		{17E0B8F0-BA4B-4AF4-BE38-0F9E8A007D59}.Release|Any CPU.ActiveCfg = Release|Any CPU
		{17E0B8F0-BA4B-4AF4-BE38-0F9E8A007D59}.Release|Any CPU.Build.0 = Release|Any CPU
		{7C26F631-4F7A-49EE-A0CE-777BEF43A448}.Debug|Any CPU.ActiveCfg = Debug|Any CPU
		{7C26F631-4F7A-49EE-A0CE-777BEF43A448}.Debug|Any CPU.Build.0 = Debug|Any CPU
		{7C26F631-4F7A-49EE-A0CE-777BEF43A448}.Release|Any CPU.ActiveCfg = Release|Any CPU
		{7C26F631-4F7A-49EE-A0CE-777BEF43A448}.Release|Any CPU.Build.0 = Release|Any CPU
		{D2F64641-27E0-459D-8A87-885FB33A7C8B}.Debug|Any CPU.ActiveCfg = Debug|Any CPU
		{D2F64641-27E0-459D-8A87-885FB33A7C8B}.Debug|Any CPU.Build.0 = Debug|Any CPU
		{D2F64641-27E0-459D-8A87-885FB33A7C8B}.Release|Any CPU.ActiveCfg = Release|Any CPU
		{D2F64641-27E0-459D-8A87-885FB33A7C8B}.Release|Any CPU.Build.0 = Release|Any CPU
	EndGlobalSection
	GlobalSection(SolutionProperties) = preSolution
		HideSolutionNode = FALSE
	EndGlobalSection
	GlobalSection(ExtensibilityGlobals) = postSolution
		SolutionGuid = {3E72B3D5-028D-43CA-8149-EDDFD165F698}
	EndGlobalSection
EndGlobal
